
Microsoft Visual Studio Solution File, Format Version 12.00
# Visual Studio Version 16
VisualStudioVersion = 16.0.29025.244
MinimumVisualStudioVersion = 10.0.40219.1
Project("{FAE04EC0-301F-11D3-BF4B-00C04F79EFBC}") = "test2", "test2\test2.csproj", "{DE46B3D7-EFA4-4B93-ABF5-756A1BB20D03}"
EndProject
Global
	GlobalSection(SolutionConfigurationPlatforms) = preSolution
		Debug|Any CPU = Debug|Any CPU
		Release|Any CPU = Release|Any CPU
	EndGlobalSection
	GlobalSection(ProjectConfigurationPlatforms) = postSolution
		{DE46B3D7-EFA4-4B93-ABF5-756A1BB20D03}.Debug|Any CPU.ActiveCfg = Debug|Any CPU
		{DE46B3D7-EFA4-4B93-ABF5-756A1BB20D03}.Debug|Any CPU.Build.0 = Debug|Any CPU
		{DE46B3D7-EFA4-4B93-ABF5-756A1BB20D03}.Release|Any CPU.ActiveCfg = Release|Any CPU
		{DE46B3D7-EFA4-4B93-ABF5-756A1BB20D03}.Release|Any CPU.Build.0 = Release|Any CPU
	EndGlobalSection
	GlobalSection(SolutionProperties) = preSolution
		HideSolutionNode = FALSE
	EndGlobalSection
	GlobalSection(ExtensibilityGlobals) = postSolution
		SolutionGuid = {E238A2A3-3E47-457C-B768-010660F06D41}
	EndGlobalSection
EndGlobal
